
Microsoft Visual Studio Solution File, Format Version 12.00
# Visual Studio 15
Project("{FAE04EC0-301F-11D3-BF4B-00C04F79EFBC}") = "UnityEngine.TestRunner", "UnityEngine.TestRunner.csproj", "{B01CB112-F38B-3456-CF8F-70E88B62D99A}"
EndProject
Project("{FAE04EC0-301F-11D3-BF4B-00C04F79EFBC}") = "UnityEngine.UI", "UnityEngine.UI.csproj", "{91A52EF5-25EF-9461-F221-68AD48E890D5}"
EndProject
Project("{FAE04EC0-301F-11D3-BF4B-00C04F79EFBC}") = "Unity.VisualScripting.Flow", "Unity.VisualScripting.Flow.csproj", "{1A06C570-D8BD-D537-2F59-EDB0C16910D2}"
EndProject
Project("{FAE04EC0-301F-11D3-BF4B-00C04F79EFBC}") = "Unity.Services.Core.Telemetry", "Unity.Services.Core.Telemetry.csproj", "{4F11A94B-9D74-AD88-CD0D-189484FA4680}"
EndProject
Project("{FAE04EC0-301F-11D3-BF4B-00C04F79EFBC}") = "Unity.VisualScripting.State", "Unity.VisualScripting.State.csproj", "{81435091-4AE9-6DB9-ADF3-F383A878E9C8}"
EndProject
Project("{FAE04EC0-301F-11D3-BF4B-00C04F79EFBC}") = "Unity.VisualScripting.Core", "Unity.VisualScripting.Core.csproj", "{FE86BB4D-0B3B-0187-4E57-54671488D49B}"
EndProject
Project("{FAE04EC0-301F-11D3-BF4B-00C04F79EFBC}") = "Unity.Services.Core.Environments.Internal", "Unity.Services.Core.Environments.Internal.csproj", "{348B79F9-EDCE-E978-969C-4D672835AEC2}"
EndProject
Project("{FAE04EC0-301F-11D3-BF4B-00C04F79EFBC}") = "Unity.TextMeshPro", "Unity.TextMeshPro.csproj", "{A6EC62B4-D93C-0D12-E9AF-3556ED860384}"
EndProject
Project("{FAE04EC0-301F-11D3-BF4B-00C04F79EFBC}") = "Unity.Timeline", "Unity.Timeline.csproj", "{50287EC0-83EB-13DC-F859-D6725A0115EF}"
EndProject
Project("{FAE04EC0-301F-11D3-BF4B-00C04F79EFBC}") = "Unity.Services.Core", "Unity.Services.Core.csproj", "{FEB2C537-1957-AF51-41FC-77091929C7A1}"
EndProject
Project("{FAE04EC0-301F-11D3-BF4B-00C04F79EFBC}") = "Unity.Services.Core.Environments", "Unity.Services.Core.Environments.csproj", "{BE49D813-20FA-CEAC-9E6A-DF95EDE408B2}"
EndProject
Project("{FAE04EC0-301F-11D3-BF4B-00C04F79EFBC}") = "Unity.Services.Core.Internal", "Unity.Services.Core.Internal.csproj", "{732DFCE7-16E5-E1C9-A9F8-69A9E62A03C4}"
EndProject
Project("{FAE04EC0-301F-11D3-BF4B-00C04F79EFBC}") = "Unity.Services.Core.Analytics", "Unity.Services.Core.Analytics.csproj", "{37FDECA7-D0EB-DACE-7995-925FD5B1AFED}"
EndProject
Project("{FAE04EC0-301F-11D3-BF4B-00C04F79EFBC}") = "Unity.Services.Core.Scheduler", "Unity.Services.Core.Scheduler.csproj", "{03713E01-B706-8C70-9032-2E960176D99C}"
EndProject
Project("{FAE04EC0-301F-11D3-BF4B-00C04F79EFBC}") = "Unity.Services.Core.Registration", "Unity.Services.Core.Registration.csproj", "{B4F12E89-053C-5B9A-656C-F4AE70631FE0}"
EndProject
Project("{FAE04EC0-301F-11D3-BF4B-00C04F79EFBC}") = "Unity.Services.Core.Device", "Unity.Services.Core.Device.csproj", "{83BEF187-E276-0F10-5B11-C1703FE4636A}"
EndProject
Project("{FAE04EC0-301F-11D3-BF4B-00C04F79EFBC}") = "Unity.Services.Core.Threading", "Unity.Services.Core.Threading.csproj", "{3E4BC3B2-6158-7D83-000A-45D5650F5D12}"
EndProject
Project("{FAE04EC0-301F-11D3-BF4B-00C04F79EFBC}") = "Unity.Services.Core.Networking", "Unity.Services.Core.Networking.csproj", "{71BFB0CA-303A-A1BA-1CE2-1D96D291BB92}"
EndProject
Project("{FAE04EC0-301F-11D3-BF4B-00C04F79EFBC}") = "Unity.Services.Core.Configuration", "Unity.Services.Core.Configuration.csproj", "{07B8E6C9-3169-8309-7DDC-86F14AFBC384}"
EndProject
Project("{FAE04EC0-301F-11D3-BF4B-00C04F79EFBC}") = "Assembly-CSharp", "Assembly-CSharp.csproj", "{552ED41D-1475-A0E3-F4D6-40DC57C701F2}"
EndProject
Project("{FAE04EC0-301F-11D3-BF4B-00C04F79EFBC}") = "Unity.PlasticSCM.Editor", "Unity.PlasticSCM.Editor.csproj", "{FE255348-6898-FBF8-1AC7-ADA90B81D6CA}"
EndProject
Project("{FAE04EC0-301F-11D3-BF4B-00C04F79EFBC}") = "Unity.VisualScripting.Core.Editor", "Unity.VisualScripting.Core.Editor.csproj", "{A6B20768-22C5-F33B-9707-5D7F10252B3A}"
EndProject
Project("{FAE04EC0-301F-11D3-BF4B-00C04F79EFBC}") = "Unity.VisualScripting.Flow.Editor", "Unity.VisualScripting.Flow.Editor.csproj", "{9FC919F5-C24B-A0FA-036E-F7B22305D34B}"
EndProject
Project("{FAE04EC0-301F-11D3-BF4B-00C04F79EFBC}") = "Unity.VisualStudio.Editor", "Unity.VisualStudio.Editor.csproj", "{01981697-0F4B-B03E-5DB1-3D44E9DDA10A}"
EndProject
Project("{FAE04EC0-301F-11D3-BF4B-00C04F79EFBC}") = "Unity.Timeline.Editor", "Unity.Timeline.Editor.csproj", "{107981E1-CB86-E7A1-94F4-0DE72B955619}"
EndProject
Project("{FAE04EC0-301F-11D3-BF4B-00C04F79EFBC}") = "Unity.VisualScripting.State.Editor", "Unity.VisualScripting.State.Editor.csproj", "{11962C9B-5458-4A61-14F0-9648755F215A}"
EndProject
Project("{FAE04EC0-301F-11D3-BF4B-00C04F79EFBC}") = "Unity.TextMeshPro.Editor", "Unity.TextMeshPro.Editor.csproj", "{BCA9F1C9-C81D-A2AC-C84E-217350272EEE}"
EndProject
Project("{FAE04EC0-301F-11D3-BF4B-00C04F79EFBC}") = "Unity.VisualScripting.SettingsProvider.Editor", "Unity.VisualScripting.SettingsProvider.Editor.csproj", "{52C4DD69-570E-C16B-9B29-C0B27824AED8}"
EndProject
Project("{FAE04EC0-301F-11D3-BF4B-00C04F79EFBC}") = "Unity.CollabProxy.Editor", "Unity.CollabProxy.Editor.csproj", "{AE8D18AA-13FB-0A47-C1AB-039BF0675DB3}"
EndProject
Project("{FAE04EC0-301F-11D3-BF4B-00C04F79EFBC}") = "UnityEditor.TestRunner", "UnityEditor.TestRunner.csproj", "{2DEF190D-7992-0582-60D8-3EB0D7E66F4C}"
EndProject
Project("{FAE04EC0-301F-11D3-BF4B-00C04F79EFBC}") = "Unity.Services.Core.Editor", "Unity.Services.Core.Editor.csproj", "{6F16414B-CF3E-6F71-5940-5E833176EE0D}"
EndProject
Project("{FAE04EC0-301F-11D3-BF4B-00C04F79EFBC}") = "Unity.TestTools.CodeCoverage.Editor", "Unity.TestTools.CodeCoverage.Editor.csproj", "{4FF924D5-1CD2-F621-F866-66AAB56419E4}"
EndProject
Project("{FAE04EC0-301F-11D3-BF4B-00C04F79EFBC}") = "Unity.Rider.Editor", "Unity.Rider.Editor.csproj", "{672A0D5F-4BC3-C203-2D2B-F15F2EB3A78A}"
EndProject
Project("{FAE04EC0-301F-11D3-BF4B-00C04F79EFBC}") = "Unity.Performance.Profile-Analyzer.Editor", "Unity.Performance.Profile-Analyzer.Editor.csproj", "{CC0AC2B1-3334-20B9-6D13-5495FFE2164B}"
EndProject
Project("{FAE04EC0-301F-11D3-BF4B-00C04F79EFBC}") = "Unity.VSCode.Editor", "Unity.VSCode.Editor.csproj", "{F747C152-ECF2-CFCB-4592-7121AEC803D3}"
EndProject
Project("{FAE04EC0-301F-11D3-BF4B-00C04F79EFBC}") = "UnityEditor.UI", "UnityEditor.UI.csproj", "{3DD5C137-84EC-297C-A078-7CCA69E4437B}"
EndProject
Project("{FAE04EC0-301F-11D3-BF4B-00C04F79EFBC}") = "Unity.TestTools.CodeCoverage.Editor.OpenCover.Model", "Unity.TestTools.CodeCoverage.Editor.OpenCover.Model.csproj", "{E34352E3-A3E6-9BD0-047F-846F38C0203C}"
EndProject
Project("{FAE04EC0-301F-11D3-BF4B-00C04F79EFBC}") = "Unity.EditorCoroutines.Editor", "Unity.EditorCoroutines.Editor.csproj", "{4F956675-BCC9-234A-A537-A7F4933ADE19}"
EndProject
Project("{FAE04EC0-301F-11D3-BF4B-00C04F79EFBC}") = "Unity.Settings.Editor", "Unity.Settings.Editor.csproj", "{206F3B37-8EF5-078F-F46C-260C6BA13471}"
EndProject
Project("{FAE04EC0-301F-11D3-BF4B-00C04F79EFBC}") = "Unity.Services.Core.Configuration.Editor", "Unity.Services.Core.Configuration.Editor.csproj", "{9F994137-2D6A-B992-46DF-9A11D6DF2BCE}"
EndProject
Project("{FAE04EC0-301F-11D3-BF4B-00C04F79EFBC}") = "Unity.TestTools.CodeCoverage.Editor.OpenCover.Mono.Reflection", "Unity.TestTools.CodeCoverage.Editor.OpenCover.Mono.Reflection.csproj", "{389C2063-7DDB-E479-F8A1-0774A5E012A8}"
EndProject
Project("{FAE04EC0-301F-11D3-BF4B-00C04F79EFBC}") = "Unity.VisualScripting.Shared.Editor", "Unity.VisualScripting.Shared.Editor.csproj", "{BBCE8CAA-1719-0C69-191E-69AD8E97DA9C}"
EndProject
Project("{FAE04EC0-301F-11D3-BF4B-00C04F79EFBC}") = "UnityEngine.TestRunner", "UnityEngine.TestRunner.Player.csproj", "{0D7BAAEC-F0A5-6318-18A4-8E8B47098236}"
EndProject
Project("{FAE04EC0-301F-11D3-BF4B-00C04F79EFBC}") = "UnityEngine.UI", "UnityEngine.UI.Player.csproj", "{CB6C7E20-8566-38C3-F067-8F09B834C70B}"
EndProject
Project("{FAE04EC0-301F-11D3-BF4B-00C04F79EFBC}") = "Unity.VisualScripting.Flow", "Unity.VisualScripting.Flow.Player.csproj", "{FCC5BF83-1219-0D95-D97E-0F1AEA6B6C89}"
EndProject
Project("{FAE04EC0-301F-11D3-BF4B-00C04F79EFBC}") = "Unity.Services.Core.Telemetry", "Unity.Services.Core.Telemetry.Player.csproj", "{7F9F7A30-5D6D-C5E7-2091-FFA78328789A}"
EndProject
Project("{FAE04EC0-301F-11D3-BF4B-00C04F79EFBC}") = "Unity.VisualScripting.State", "Unity.VisualScripting.State.Player.csproj", "{07D1D094-5B25-40FF-AAC0-55FD1513F7BE}"
EndProject
Project("{FAE04EC0-301F-11D3-BF4B-00C04F79EFBC}") = "Unity.VisualScripting.Core", "Unity.VisualScripting.Core.Player.csproj", "{0BBF2E67-5998-B0D7-24F0-B9CA656076F0}"
EndProject
Project("{FAE04EC0-301F-11D3-BF4B-00C04F79EFBC}") = "Unity.Services.Core.Environments.Internal", "Unity.Services.Core.Environments.Internal.Player.csproj", "{5E2C9E84-A378-750F-0A3B-05C436DEB735}"
EndProject
Project("{FAE04EC0-301F-11D3-BF4B-00C04F79EFBC}") = "Unity.TextMeshPro", "Unity.TextMeshPro.Player.csproj", "{B8069962-39B4-DE87-D669-3603C95310BB}"
EndProject
Project("{FAE04EC0-301F-11D3-BF4B-00C04F79EFBC}") = "Unity.Timeline", "Unity.Timeline.Player.csproj", "{B470AD44-EAE0-21EC-1CD8-76F36D8FB636}"
EndProject
Project("{FAE04EC0-301F-11D3-BF4B-00C04F79EFBC}") = "Unity.Services.Core", "Unity.Services.Core.Player.csproj", "{16BB9CC0-CD8E-6B98-5696-F698C9E8D4E2}"
EndProject
Project("{FAE04EC0-301F-11D3-BF4B-00C04F79EFBC}") = "Unity.Services.Core.Environments", "Unity.Services.Core.Environments.Player.csproj", "{275C977D-9352-FD62-473D-E1BBD26C8688}"
EndProject
Project("{FAE04EC0-301F-11D3-BF4B-00C04F79EFBC}") = "Unity.Services.Core.Internal", "Unity.Services.Core.Internal.Player.csproj", "{6F1A9F82-F6D6-2D4C-3D18-0D8530F5CDD9}"
EndProject
Project("{FAE04EC0-301F-11D3-BF4B-00C04F79EFBC}") = "Unity.Services.Core.Analytics", "Unity.Services.Core.Analytics.Player.csproj", "{7FD85BCD-0076-8CBF-F785-59E530FB3DED}"
EndProject
Project("{FAE04EC0-301F-11D3-BF4B-00C04F79EFBC}") = "Unity.Services.Core.Scheduler", "Unity.Services.Core.Scheduler.Player.csproj", "{DF718EC9-D2EA-98A6-BB18-21318771D349}"
EndProject
Project("{FAE04EC0-301F-11D3-BF4B-00C04F79EFBC}") = "Unity.Services.Core.Registration", "Unity.Services.Core.Registration.Player.csproj", "{1038207E-2295-E101-7936-A1E19076006E}"
EndProject
Project("{FAE04EC0-301F-11D3-BF4B-00C04F79EFBC}") = "Unity.Services.Core.Device", "Unity.Services.Core.Device.Player.csproj", "{C64D7474-3A7B-AA47-CCC7-F359BF031182}"
EndProject
Project("{FAE04EC0-301F-11D3-BF4B-00C04F79EFBC}") = "Unity.Services.Core.Threading", "Unity.Services.Core.Threading.Player.csproj", "{1CE98F7B-BD23-0146-403D-F29633016215}"
EndProject
Project("{FAE04EC0-301F-11D3-BF4B-00C04F79EFBC}") = "Unity.Services.Core.Networking", "Unity.Services.Core.Networking.Player.csproj", "{E411CC51-A953-A1C7-DFA3-4A414809C249}"
EndProject
Project("{FAE04EC0-301F-11D3-BF4B-00C04F79EFBC}") = "Unity.Services.Core.Configuration", "Unity.Services.Core.Configuration.Player.csproj", "{DD786AFD-3AEC-61DA-307F-4AA772F44A1A}"
EndProject
Project("{FAE04EC0-301F-11D3-BF4B-00C04F79EFBC}") = "Assembly-CSharp", "Assembly-CSharp.Player.csproj", "{0B566E3E-6E86-FF53-A74B-28A45D3F6D13}"
EndProject
Global
	GlobalSection(SolutionConfigurationPlatforms) = preSolution
		Debug|Any CPU = Debug|Any CPU
		Release|Any CPU = Release|Any CPU
	EndGlobalSection
	GlobalSection(ProjectConfigurationPlatforms) = postSolution
		{B01CB112-F38B-3456-CF8F-70E88B62D99A}.Debug|Any CPU.ActiveCfg = Debug|Any CPU
		{B01CB112-F38B-3456-CF8F-70E88B62D99A}.Debug|Any CPU.Build.0 = Debug|Any CPU
		{B01CB112-F38B-3456-CF8F-70E88B62D99A}.Release|Any CPU.ActiveCfg = Release|Any CPU
		{B01CB112-F38B-3456-CF8F-70E88B62D99A}.Release|Any CPU.Build.0 = Release|Any CPU
		{91A52EF5-25EF-9461-F221-68AD48E890D5}.Debug|Any CPU.ActiveCfg = Debug|Any CPU
		{91A52EF5-25EF-9461-F221-68AD48E890D5}.Debug|Any CPU.Build.0 = Debug|Any CPU
		{91A52EF5-25EF-9461-F221-68AD48E890D5}.Release|Any CPU.ActiveCfg = Release|Any CPU
		{91A52EF5-25EF-9461-F221-68AD48E890D5}.Release|Any CPU.Build.0 = Release|Any CPU
		{1A06C570-D8BD-D537-2F59-EDB0C16910D2}.Debug|Any CPU.ActiveCfg = Debug|Any CPU
		{1A06C570-D8BD-D537-2F59-EDB0C16910D2}.Debug|Any CPU.Build.0 = Debug|Any CPU
		{1A06C570-D8BD-D537-2F59-EDB0C16910D2}.Release|Any CPU.ActiveCfg = Release|Any CPU
		{1A06C570-D8BD-D537-2F59-EDB0C16910D2}.Release|Any CPU.Build.0 = Release|Any CPU
		{4F11A94B-9D74-AD88-CD0D-189484FA4680}.Debug|Any CPU.ActiveCfg = Debug|Any CPU
		{4F11A94B-9D74-AD88-CD0D-189484FA4680}.Debug|Any CPU.Build.0 = Debug|Any CPU
		{4F11A94B-9D74-AD88-CD0D-189484FA4680}.Release|Any CPU.ActiveCfg = Release|Any CPU
		{4F11A94B-9D74-AD88-CD0D-189484FA4680}.Release|Any CPU.Build.0 = Release|Any CPU
		{81435091-4AE9-6DB9-ADF3-F383A878E9C8}.Debug|Any CPU.ActiveCfg = Debug|Any CPU
		{81435091-4AE9-6DB9-ADF3-F383A878E9C8}.Debug|Any CPU.Build.0 = Debug|Any CPU
		{81435091-4AE9-6DB9-ADF3-F383A878E9C8}.Release|Any CPU.ActiveCfg = Release|Any CPU
		{81435091-4AE9-6DB9-ADF3-F383A878E9C8}.Release|Any CPU.Build.0 = Release|Any CPU
		{FE86BB4D-0B3B-0187-4E57-54671488D49B}.Debug|Any CPU.ActiveCfg = Debug|Any CPU
		{FE86BB4D-0B3B-0187-4E57-54671488D49B}.Debug|Any CPU.Build.0 = Debug|Any CPU
		{FE86BB4D-0B3B-0187-4E57-54671488D49B}.Release|Any CPU.ActiveCfg = Release|Any CPU
		{FE86BB4D-0B3B-0187-4E57-54671488D49B}.Release|Any CPU.Build.0 = Release|Any CPU
		{348B79F9-EDCE-E978-969C-4D672835AEC2}.Debug|Any CPU.ActiveCfg = Debug|Any CPU
		{348B79F9-EDCE-E978-969C-4D672835AEC2}.Debug|Any CPU.Build.0 = Debug|Any CPU
		{348B79F9-EDCE-E978-969C-4D672835AEC2}.Release|Any CPU.ActiveCfg = Release|Any CPU
		{348B79F9-EDCE-E978-969C-4D672835AEC2}.Release|Any CPU.Build.0 = Release|Any CPU
		{A6EC62B4-D93C-0D12-E9AF-3556ED860384}.Debug|Any CPU.ActiveCfg = Debug|Any CPU
		{A6EC62B4-D93C-0D12-E9AF-3556ED860384}.Debug|Any CPU.Build.0 = Debug|Any CPU
		{A6EC62B4-D93C-0D12-E9AF-3556ED860384}.Release|Any CPU.ActiveCfg = Release|Any CPU
		{A6EC62B4-D93C-0D12-E9AF-3556ED860384}.Release|Any CPU.Build.0 = Release|Any CPU
		{50287EC0-83EB-13DC-F859-D6725A0115EF}.Debug|Any CPU.ActiveCfg = Debug|Any CPU
		{50287EC0-83EB-13DC-F859-D6725A0115EF}.Debug|Any CPU.Build.0 = Debug|Any CPU
		{50287EC0-83EB-13DC-F859-D6725A0115EF}.Release|Any CPU.ActiveCfg = Release|Any CPU
		{50287EC0-83EB-13DC-F859-D6725A0115EF}.Release|Any CPU.Build.0 = Release|Any CPU
		{FEB2C537-1957-AF51-41FC-77091929C7A1}.Debug|Any CPU.ActiveCfg = Debug|Any CPU
		{FEB2C537-1957-AF51-41FC-77091929C7A1}.Debug|Any CPU.Build.0 = Debug|Any CPU
		{FEB2C537-1957-AF51-41FC-77091929C7A1}.Release|Any CPU.ActiveCfg = Release|Any CPU
		{FEB2C537-1957-AF51-41FC-77091929C7A1}.Release|Any CPU.Build.0 = Release|Any CPU
		{BE49D813-20FA-CEAC-9E6A-DF95EDE408B2}.Debug|Any CPU.ActiveCfg = Debug|Any CPU
		{BE49D813-20FA-CEAC-9E6A-DF95EDE408B2}.Debug|Any CPU.Build.0 = Debug|Any CPU
		{BE49D813-20FA-CEAC-9E6A-DF95EDE408B2}.Release|Any CPU.ActiveCfg = Release|Any CPU
		{BE49D813-20FA-CEAC-9E6A-DF95EDE408B2}.Release|Any CPU.Build.0 = Release|Any CPU
		{732DFCE7-16E5-E1C9-A9F8-69A9E62A03C4}.Debug|Any CPU.ActiveCfg = Debug|Any CPU
		{732DFCE7-16E5-E1C9-A9F8-69A9E62A03C4}.Debug|Any CPU.Build.0 = Debug|Any CPU
		{732DFCE7-16E5-E1C9-A9F8-69A9E62A03C4}.Release|Any CPU.ActiveCfg = Release|Any CPU
		{732DFCE7-16E5-E1C9-A9F8-69A9E62A03C4}.Release|Any CPU.Build.0 = Release|Any CPU
		{37FDECA7-D0EB-DACE-7995-925FD5B1AFED}.Debug|Any CPU.ActiveCfg = Debug|Any CPU
		{37FDECA7-D0EB-DACE-7995-925FD5B1AFED}.Debug|Any CPU.Build.0 = Debug|Any CPU
		{37FDECA7-D0EB-DACE-7995-925FD5B1AFED}.Release|Any CPU.ActiveCfg = Release|Any CPU
		{37FDECA7-D0EB-DACE-7995-925FD5B1AFED}.Release|Any CPU.Build.0 = Release|Any CPU
		{03713E01-B706-8C70-9032-2E960176D99C}.Debug|Any CPU.ActiveCfg = Debug|Any CPU
		{03713E01-B706-8C70-9032-2E960176D99C}.Debug|Any CPU.Build.0 = Debug|Any CPU
		{03713E01-B706-8C70-9032-2E960176D99C}.Release|Any CPU.ActiveCfg = Release|Any CPU
		{03713E01-B706-8C70-9032-2E960176D99C}.Release|Any CPU.Build.0 = Release|Any CPU
		{B4F12E89-053C-5B9A-656C-F4AE70631FE0}.Debug|Any CPU.ActiveCfg = Debug|Any CPU
		{B4F12E89-053C-5B9A-656C-F4AE70631FE0}.Debug|Any CPU.Build.0 = Debug|Any CPU
		{B4F12E89-053C-5B9A-656C-F4AE70631FE0}.Release|Any CPU.ActiveCfg = Release|Any CPU
		{B4F12E89-053C-5B9A-656C-F4AE70631FE0}.Release|Any CPU.Build.0 = Release|Any CPU
		{83BEF187-E276-0F10-5B11-C1703FE4636A}.Debug|Any CPU.ActiveCfg = Debug|Any CPU
		{83BEF187-E276-0F10-5B11-C1703FE4636A}.Debug|Any CPU.Build.0 = Debug|Any CPU
		{83BEF187-E276-0F10-5B11-C1703FE4636A}.Release|Any CPU.ActiveCfg = Release|Any CPU
		{83BEF187-E276-0F10-5B11-C1703FE4636A}.Release|Any CPU.Build.0 = Release|Any CPU
		{3E4BC3B2-6158-7D83-000A-45D5650F5D12}.Debug|Any CPU.ActiveCfg = Debug|Any CPU
		{3E4BC3B2-6158-7D83-000A-45D5650F5D12}.Debug|Any CPU.Build.0 = Debug|Any CPU
		{3E4BC3B2-6158-7D83-000A-45D5650F5D12}.Release|Any CPU.ActiveCfg = Release|Any CPU
		{3E4BC3B2-6158-7D83-000A-45D5650F5D12}.Release|Any CPU.Build.0 = Release|Any CPU
		{71BFB0CA-303A-A1BA-1CE2-1D96D291BB92}.Debug|Any CPU.ActiveCfg = Debug|Any CPU
		{71BFB0CA-303A-A1BA-1CE2-1D96D291BB92}.Debug|Any CPU.Build.0 = Debug|Any CPU
		{71BFB0CA-303A-A1BA-1CE2-1D96D291BB92}.Release|Any CPU.ActiveCfg = Release|Any CPU
		{71BFB0CA-303A-A1BA-1CE2-1D96D291BB92}.Release|Any CPU.Build.0 = Release|Any CPU
		{07B8E6C9-3169-8309-7DDC-86F14AFBC384}.Debug|Any CPU.ActiveCfg = Debug|Any CPU
		{07B8E6C9-3169-8309-7DDC-86F14AFBC384}.Debug|Any CPU.Build.0 = Debug|Any CPU
		{07B8E6C9-3169-8309-7DDC-86F14AFBC384}.Release|Any CPU.ActiveCfg = Release|Any CPU
		{07B8E6C9-3169-8309-7DDC-86F14AFBC384}.Release|Any CPU.Build.0 = Release|Any CPU
		{552ED41D-1475-A0E3-F4D6-40DC57C701F2}.Debug|Any CPU.ActiveCfg = Debug|Any CPU
		{552ED41D-1475-A0E3-F4D6-40DC57C701F2}.Debug|Any CPU.Build.0 = Debug|Any CPU
		{552ED41D-1475-A0E3-F4D6-40DC57C701F2}.Release|Any CPU.ActiveCfg = Release|Any CPU
		{552ED41D-1475-A0E3-F4D6-40DC57C701F2}.Release|Any CPU.Build.0 = Release|Any CPU
		{FE255348-6898-FBF8-1AC7-ADA90B81D6CA}.Debug|Any CPU.ActiveCfg = Debug|Any CPU
		{FE255348-6898-FBF8-1AC7-ADA90B81D6CA}.Debug|Any CPU.Build.0 = Debug|Any CPU
		{FE255348-6898-FBF8-1AC7-ADA90B81D6CA}.Release|Any CPU.ActiveCfg = Release|Any CPU
		{FE255348-6898-FBF8-1AC7-ADA90B81D6CA}.Release|Any CPU.Build.0 = Release|Any CPU
		{A6B20768-22C5-F33B-9707-5D7F10252B3A}.Debug|Any CPU.ActiveCfg = Debug|Any CPU
		{A6B20768-22C5-F33B-9707-5D7F10252B3A}.Debug|Any CPU.Build.0 = Debug|Any CPU
		{A6B20768-22C5-F33B-9707-5D7F10252B3A}.Release|Any CPU.ActiveCfg = Release|Any CPU
		{A6B20768-22C5-F33B-9707-5D7F10252B3A}.Release|Any CPU.Build.0 = Release|Any CPU
		{9FC919F5-C24B-A0FA-036E-F7B22305D34B}.Debug|Any CPU.ActiveCfg = Debug|Any CPU
		{9FC919F5-C24B-A0FA-036E-F7B22305D34B}.Debug|Any CPU.Build.0 = Debug|Any CPU
		{9FC919F5-C24B-A0FA-036E-F7B22305D34B}.Release|Any CPU.ActiveCfg = Release|Any CPU
		{9FC919F5-C24B-A0FA-036E-F7B22305D34B}.Release|Any CPU.Build.0 = Release|Any CPU
		{01981697-0F4B-B03E-5DB1-3D44E9DDA10A}.Debug|Any CPU.ActiveCfg = Debug|Any CPU
		{01981697-0F4B-B03E-5DB1-3D44E9DDA10A}.Debug|Any CPU.Build.0 = Debug|Any CPU
		{01981697-0F4B-B03E-5DB1-3D44E9DDA10A}.Release|Any CPU.ActiveCfg = Release|Any CPU
		{01981697-0F4B-B03E-5DB1-3D44E9DDA10A}.Release|Any CPU.Build.0 = Release|Any CPU
		{107981E1-CB86-E7A1-94F4-0DE72B955619}.Debug|Any CPU.ActiveCfg = Debug|Any CPU
		{107981E1-CB86-E7A1-94F4-0DE72B955619}.Debug|Any CPU.Build.0 = Debug|Any CPU
		{107981E1-CB86-E7A1-94F4-0DE72B955619}.Release|Any CPU.ActiveCfg = Release|Any CPU
		{107981E1-CB86-E7A1-94F4-0DE72B955619}.Release|Any CPU.Build.0 = Release|Any CPU
		{11962C9B-5458-4A61-14F0-9648755F215A}.Debug|Any CPU.ActiveCfg = Debug|Any CPU
		{11962C9B-5458-4A61-14F0-9648755F215A}.Debug|Any CPU.Build.0 = Debug|Any CPU
		{11962C9B-5458-4A61-14F0-9648755F215A}.Release|Any CPU.ActiveCfg = Release|Any CPU
		{11962C9B-5458-4A61-14F0-9648755F215A}.Release|Any CPU.Build.0 = Release|Any CPU
		{BCA9F1C9-C81D-A2AC-C84E-217350272EEE}.Debug|Any CPU.ActiveCfg = Debug|Any CPU
		{BCA9F1C9-C81D-A2AC-C84E-217350272EEE}.Debug|Any CPU.Build.0 = Debug|Any CPU
		{BCA9F1C9-C81D-A2AC-C84E-217350272EEE}.Release|Any CPU.ActiveCfg = Release|Any CPU
		{BCA9F1C9-C81D-A2AC-C84E-217350272EEE}.Release|Any CPU.Build.0 = Release|Any CPU
		{52C4DD69-570E-C16B-9B29-C0B27824AED8}.Debug|Any CPU.ActiveCfg = Debug|Any CPU
		{52C4DD69-570E-C16B-9B29-C0B27824AED8}.Debug|Any CPU.Build.0 = Debug|Any CPU
		{52C4DD69-570E-C16B-9B29-C0B27824AED8}.Release|Any CPU.ActiveCfg = Release|Any CPU
		{52C4DD69-570E-C16B-9B29-C0B27824AED8}.Release|Any CPU.Build.0 = Release|Any CPU
		{AE8D18AA-13FB-0A47-C1AB-039BF0675DB3}.Debug|Any CPU.ActiveCfg = Debug|Any CPU
		{AE8D18AA-13FB-0A47-C1AB-039BF0675DB3}.Debug|Any CPU.Build.0 = Debug|Any CPU
		{AE8D18AA-13FB-0A47-C1AB-039BF0675DB3}.Release|Any CPU.ActiveCfg = Release|Any CPU
		{AE8D18AA-13FB-0A47-C1AB-039BF0675DB3}.Release|Any CPU.Build.0 = Release|Any CPU
		{2DEF190D-7992-0582-60D8-3EB0D7E66F4C}.Debug|Any CPU.ActiveCfg = Debug|Any CPU
		{2DEF190D-7992-0582-60D8-3EB0D7E66F4C}.Debug|Any CPU.Build.0 = Debug|Any CPU
		{2DEF190D-7992-0582-60D8-3EB0D7E66F4C}.Release|Any CPU.ActiveCfg = Release|Any CPU
		{2DEF190D-7992-0582-60D8-3EB0D7E66F4C}.Release|Any CPU.Build.0 = Release|Any CPU
		{6F16414B-CF3E-6F71-5940-5E833176EE0D}.Debug|Any CPU.ActiveCfg = Debug|Any CPU
		{6F16414B-CF3E-6F71-5940-5E833176EE0D}.Debug|Any CPU.Build.0 = Debug|Any CPU
		{6F16414B-CF3E-6F71-5940-5E833176EE0D}.Release|Any CPU.ActiveCfg = Release|Any CPU
		{6F16414B-CF3E-6F71-5940-5E833176EE0D}.Release|Any CPU.Build.0 = Release|Any CPU
		{4FF924D5-1CD2-F621-F866-66AAB56419E4}.Debug|Any CPU.ActiveCfg = Debug|Any CPU
		{4FF924D5-1CD2-F621-F866-66AAB56419E4}.Debug|Any CPU.Build.0 = Debug|Any CPU
		{4FF924D5-1CD2-F621-F866-66AAB56419E4}.Release|Any CPU.ActiveCfg = Release|Any CPU
		{4FF924D5-1CD2-F621-F866-66AAB56419E4}.Release|Any CPU.Build.0 = Release|Any CPU
		{672A0D5F-4BC3-C203-2D2B-F15F2EB3A78A}.Debug|Any CPU.ActiveCfg = Debug|Any CPU
		{672A0D5F-4BC3-C203-2D2B-F15F2EB3A78A}.Debug|Any CPU.Build.0 = Debug|Any CPU
		{672A0D5F-4BC3-C203-2D2B-F15F2EB3A78A}.Release|Any CPU.ActiveCfg = Release|Any CPU
		{672A0D5F-4BC3-C203-2D2B-F15F2EB3A78A}.Release|Any CPU.Build.0 = Release|Any CPU
		{CC0AC2B1-3334-20B9-6D13-5495FFE2164B}.Debug|Any CPU.ActiveCfg = Debug|Any CPU
		{CC0AC2B1-3334-20B9-6D13-5495FFE2164B}.Debug|Any CPU.Build.0 = Debug|Any CPU
		{CC0AC2B1-3334-20B9-6D13-5495FFE2164B}.Release|Any CPU.ActiveCfg = Release|Any CPU
		{CC0AC2B1-3334-20B9-6D13-5495FFE2164B}.Release|Any CPU.Build.0 = Release|Any CPU
		{F747C152-ECF2-CFCB-4592-7121AEC803D3}.Debug|Any CPU.ActiveCfg = Debug|Any CPU
		{F747C152-ECF2-CFCB-4592-7121AEC803D3}.Debug|Any CPU.Build.0 = Debug|Any CPU
		{F747C152-ECF2-CFCB-4592-7121AEC803D3}.Release|Any CPU.ActiveCfg = Release|Any CPU
		{F747C152-ECF2-CFCB-4592-7121AEC803D3}.Release|Any CPU.Build.0 = Release|Any CPU
		{3DD5C137-84EC-297C-A078-7CCA69E4437B}.Debug|Any CPU.ActiveCfg = Debug|Any CPU
		{3DD5C137-84EC-297C-A078-7CCA69E4437B}.Debug|Any CPU.Build.0 = Debug|Any CPU
		{3DD5C137-84EC-297C-A078-7CCA69E4437B}.Release|Any CPU.ActiveCfg = Release|Any CPU
		{3DD5C137-84EC-297C-A078-7CCA69E4437B}.Release|Any CPU.Build.0 = Release|Any CPU
		{E34352E3-A3E6-9BD0-047F-846F38C0203C}.Debug|Any CPU.ActiveCfg = Debug|Any CPU
		{E34352E3-A3E6-9BD0-047F-846F38C0203C}.Debug|Any CPU.Build.0 = Debug|Any CPU
		{E34352E3-A3E6-9BD0-047F-846F38C0203C}.Release|Any CPU.ActiveCfg = Release|Any CPU
		{E34352E3-A3E6-9BD0-047F-846F38C0203C}.Release|Any CPU.Build.0 = Release|Any CPU
		{4F956675-BCC9-234A-A537-A7F4933ADE19}.Debug|Any CPU.ActiveCfg = Debug|Any CPU
		{4F956675-BCC9-234A-A537-A7F4933ADE19}.Debug|Any CPU.Build.0 = Debug|Any CPU
		{4F956675-BCC9-234A-A537-A7F4933ADE19}.Release|Any CPU.ActiveCfg = Release|Any CPU
		{4F956675-BCC9-234A-A537-A7F4933ADE19}.Release|Any CPU.Build.0 = Release|Any CPU
		{206F3B37-8EF5-078F-F46C-260C6BA13471}.Debug|Any CPU.ActiveCfg = Debug|Any CPU
		{206F3B37-8EF5-078F-F46C-260C6BA13471}.Debug|Any CPU.Build.0 = Debug|Any CPU
		{206F3B37-8EF5-078F-F46C-260C6BA13471}.Release|Any CPU.ActiveCfg = Release|Any CPU
		{206F3B37-8EF5-078F-F46C-260C6BA13471}.Release|Any CPU.Build.0 = Release|Any CPU
		{9F994137-2D6A-B992-46DF-9A11D6DF2BCE}.Debug|Any CPU.ActiveCfg = Debug|Any CPU
		{9F994137-2D6A-B992-46DF-9A11D6DF2BCE}.Debug|Any CPU.Build.0 = Debug|Any CPU
		{9F994137-2D6A-B992-46DF-9A11D6DF2BCE}.Release|Any CPU.ActiveCfg = Release|Any CPU
		{9F994137-2D6A-B992-46DF-9A11D6DF2BCE}.Release|Any CPU.Build.0 = Release|Any CPU
		{389C2063-7DDB-E479-F8A1-0774A5E012A8}.Debug|Any CPU.ActiveCfg = Debug|Any CPU
		{389C2063-7DDB-E479-F8A1-0774A5E012A8}.Debug|Any CPU.Build.0 = Debug|Any CPU
		{389C2063-7DDB-E479-F8A1-0774A5E012A8}.Release|Any CPU.ActiveCfg = Release|Any CPU
		{389C2063-7DDB-E479-F8A1-0774A5E012A8}.Release|Any CPU.Build.0 = Release|Any CPU
		{BBCE8CAA-1719-0C69-191E-69AD8E97DA9C}.Debug|Any CPU.ActiveCfg = Debug|Any CPU
		{BBCE8CAA-1719-0C69-191E-69AD8E97DA9C}.Debug|Any CPU.Build.0 = Debug|Any CPU
		{BBCE8CAA-1719-0C69-191E-69AD8E97DA9C}.Release|Any CPU.ActiveCfg = Release|Any CPU
		{BBCE8CAA-1719-0C69-191E-69AD8E97DA9C}.Release|Any CPU.Build.0 = Release|Any CPU
		{0D7BAAEC-F0A5-6318-18A4-8E8B47098236}.Debug|Any CPU.ActiveCfg = Debug|Any CPU
		{0D7BAAEC-F0A5-6318-18A4-8E8B47098236}.Debug|Any CPU.Build.0 = Debug|Any CPU
		{0D7BAAEC-F0A5-6318-18A4-8E8B47098236}.Release|Any CPU.ActiveCfg = Release|Any CPU
		{0D7BAAEC-F0A5-6318-18A4-8E8B47098236}.Release|Any CPU.Build.0 = Release|Any CPU
		{CB6C7E20-8566-38C3-F067-8F09B834C70B}.Debug|Any CPU.ActiveCfg = Debug|Any CPU
		{CB6C7E20-8566-38C3-F067-8F09B834C70B}.Debug|Any CPU.Build.0 = Debug|Any CPU
		{CB6C7E20-8566-38C3-F067-8F09B834C70B}.Release|Any CPU.ActiveCfg = Release|Any CPU
		{CB6C7E20-8566-38C3-F067-8F09B834C70B}.Release|Any CPU.Build.0 = Release|Any CPU
		{FCC5BF83-1219-0D95-D97E-0F1AEA6B6C89}.Debug|Any CPU.ActiveCfg = Debug|Any CPU
		{FCC5BF83-1219-0D95-D97E-0F1AEA6B6C89}.Debug|Any CPU.Build.0 = Debug|Any CPU
		{FCC5BF83-1219-0D95-D97E-0F1AEA6B6C89}.Release|Any CPU.ActiveCfg = Release|Any CPU
		{FCC5BF83-1219-0D95-D97E-0F1AEA6B6C89}.Release|Any CPU.Build.0 = Release|Any CPU
		{7F9F7A30-5D6D-C5E7-2091-FFA78328789A}.Debug|Any CPU.ActiveCfg = Debug|Any CPU
		{7F9F7A30-5D6D-C5E7-2091-FFA78328789A}.Debug|Any CPU.Build.0 = Debug|Any CPU
		{7F9F7A30-5D6D-C5E7-2091-FFA78328789A}.Release|Any CPU.ActiveCfg = Release|Any CPU
		{7F9F7A30-5D6D-C5E7-2091-FFA78328789A}.Release|Any CPU.Build.0 = Release|Any CPU
		{07D1D094-5B25-40FF-AAC0-55FD1513F7BE}.Debug|Any CPU.ActiveCfg = Debug|Any CPU
		{07D1D094-5B25-40FF-AAC0-55FD1513F7BE}.Debug|Any CPU.Build.0 = Debug|Any CPU
		{07D1D094-5B25-40FF-AAC0-55FD1513F7BE}.Release|Any CPU.ActiveCfg = Release|Any CPU
		{07D1D094-5B25-40FF-AAC0-55FD1513F7BE}.Release|Any CPU.Build.0 = Release|Any CPU
		{0BBF2E67-5998-B0D7-24F0-B9CA656076F0}.Debug|Any CPU.ActiveCfg = Debug|Any CPU
		{0BBF2E67-5998-B0D7-24F0-B9CA656076F0}.Debug|Any CPU.Build.0 = Debug|Any CPU
		{0BBF2E67-5998-B0D7-24F0-B9CA656076F0}.Release|Any CPU.ActiveCfg = Release|Any CPU
		{0BBF2E67-5998-B0D7-24F0-B9CA656076F0}.Release|Any CPU.Build.0 = Release|Any CPU
		{5E2C9E84-A378-750F-0A3B-05C436DEB735}.Debug|Any CPU.ActiveCfg = Debug|Any CPU
		{5E2C9E84-A378-750F-0A3B-05C436DEB735}.Debug|Any CPU.Build.0 = Debug|Any CPU
		{5E2C9E84-A378-750F-0A3B-05C436DEB735}.Release|Any CPU.ActiveCfg = Release|Any CPU
		{5E2C9E84-A378-750F-0A3B-05C436DEB735}.Release|Any CPU.Build.0 = Release|Any CPU
		{B8069962-39B4-DE87-D669-3603C95310BB}.Debug|Any CPU.ActiveCfg = Debug|Any CPU
		{B8069962-39B4-DE87-D669-3603C95310BB}.Debug|Any CPU.Build.0 = Debug|Any CPU
		{B8069962-39B4-DE87-D669-3603C95310BB}.Release|Any CPU.ActiveCfg = Release|Any CPU
		{B8069962-39B4-DE87-D669-3603C95310BB}.Release|Any CPU.Build.0 = Release|Any CPU
		{B470AD44-EAE0-21EC-1CD8-76F36D8FB636}.Debug|Any CPU.ActiveCfg = Debug|Any CPU
		{B470AD44-EAE0-21EC-1CD8-76F36D8FB636}.Debug|Any CPU.Build.0 = Debug|Any CPU
		{B470AD44-EAE0-21EC-1CD8-76F36D8FB636}.Release|Any CPU.ActiveCfg = Release|Any CPU
		{B470AD44-EAE0-21EC-1CD8-76F36D8FB636}.Release|Any CPU.Build.0 = Release|Any CPU
		{16BB9CC0-CD8E-6B98-5696-F698C9E8D4E2}.Debug|Any CPU.ActiveCfg = Debug|Any CPU
		{16BB9CC0-CD8E-6B98-5696-F698C9E8D4E2}.Debug|Any CPU.Build.0 = Debug|Any CPU
		{16BB9CC0-CD8E-6B98-5696-F698C9E8D4E2}.Release|Any CPU.ActiveCfg = Release|Any CPU
		{16BB9CC0-CD8E-6B98-5696-F698C9E8D4E2}.Release|Any CPU.Build.0 = Release|Any CPU
		{275C977D-9352-FD62-473D-E1BBD26C8688}.Debug|Any CPU.ActiveCfg = Debug|Any CPU
		{275C977D-9352-FD62-473D-E1BBD26C8688}.Debug|Any CPU.Build.0 = Debug|Any CPU
		{275C977D-9352-FD62-473D-E1BBD26C8688}.Release|Any CPU.ActiveCfg = Release|Any CPU
		{275C977D-9352-FD62-473D-E1BBD26C8688}.Release|Any CPU.Build.0 = Release|Any CPU
		{6F1A9F82-F6D6-2D4C-3D18-0D8530F5CDD9}.Debug|Any CPU.ActiveCfg = Debug|Any CPU
		{6F1A9F82-F6D6-2D4C-3D18-0D8530F5CDD9}.Debug|Any CPU.Build.0 = Debug|Any CPU
		{6F1A9F82-F6D6-2D4C-3D18-0D8530F5CDD9}.Release|Any CPU.ActiveCfg = Release|Any CPU
		{6F1A9F82-F6D6-2D4C-3D18-0D8530F5CDD9}.Release|Any CPU.Build.0 = Release|Any CPU
		{7FD85BCD-0076-8CBF-F785-59E530FB3DED}.Debug|Any CPU.ActiveCfg = Debug|Any CPU
		{7FD85BCD-0076-8CBF-F785-59E530FB3DED}.Debug|Any CPU.Build.0 = Debug|Any CPU
		{7FD85BCD-0076-8CBF-F785-59E530FB3DED}.Release|Any CPU.ActiveCfg = Release|Any CPU
		{7FD85BCD-0076-8CBF-F785-59E530FB3DED}.Release|Any CPU.Build.0 = Release|Any CPU
		{DF718EC9-D2EA-98A6-BB18-21318771D349}.Debug|Any CPU.ActiveCfg = Debug|Any CPU
		{DF718EC9-D2EA-98A6-BB18-21318771D349}.Debug|Any CPU.Build.0 = Debug|Any CPU
		{DF718EC9-D2EA-98A6-BB18-21318771D349}.Release|Any CPU.ActiveCfg = Release|Any CPU
		{DF718EC9-D2EA-98A6-BB18-21318771D349}.Release|Any CPU.Build.0 = Release|Any CPU
		{1038207E-2295-E101-7936-A1E19076006E}.Debug|Any CPU.ActiveCfg = Debug|Any CPU
		{1038207E-2295-E101-7936-A1E19076006E}.Debug|Any CPU.Build.0 = Debug|Any CPU
		{1038207E-2295-E101-7936-A1E19076006E}.Release|Any CPU.ActiveCfg = Release|Any CPU
		{1038207E-2295-E101-7936-A1E19076006E}.Release|Any CPU.Build.0 = Release|Any CPU
		{C64D7474-3A7B-AA47-CCC7-F359BF031182}.Debug|Any CPU.ActiveCfg = Debug|Any CPU
		{C64D7474-3A7B-AA47-CCC7-F359BF031182}.Debug|Any CPU.Build.0 = Debug|Any CPU
		{C64D7474-3A7B-AA47-CCC7-F359BF031182}.Release|Any CPU.ActiveCfg = Release|Any CPU
		{C64D7474-3A7B-AA47-CCC7-F359BF031182}.Release|Any CPU.Build.0 = Release|Any CPU
		{1CE98F7B-BD23-0146-403D-F29633016215}.Debug|Any CPU.ActiveCfg = Debug|Any CPU
		{1CE98F7B-BD23-0146-403D-F29633016215}.Debug|Any CPU.Build.0 = Debug|Any CPU
		{1CE98F7B-BD23-0146-403D-F29633016215}.Release|Any CPU.ActiveCfg = Release|Any CPU
		{1CE98F7B-BD23-0146-403D-F29633016215}.Release|Any CPU.Build.0 = Release|Any CPU
		{E411CC51-A953-A1C7-DFA3-4A414809C249}.Debug|Any CPU.ActiveCfg = Debug|Any CPU
		{E411CC51-A953-A1C7-DFA3-4A414809C249}.Debug|Any CPU.Build.0 = Debug|Any CPU
		{E411CC51-A953-A1C7-DFA3-4A414809C249}.Release|Any CPU.ActiveCfg = Release|Any CPU
		{E411CC51-A953-A1C7-DFA3-4A414809C249}.Release|Any CPU.Build.0 = Release|Any CPU
		{DD786AFD-3AEC-61DA-307F-4AA772F44A1A}.Debug|Any CPU.ActiveCfg = Debug|Any CPU
		{DD786AFD-3AEC-61DA-307F-4AA772F44A1A}.Debug|Any CPU.Build.0 = Debug|Any CPU
		{DD786AFD-3AEC-61DA-307F-4AA772F44A1A}.Release|Any CPU.ActiveCfg = Release|Any CPU
		{DD786AFD-3AEC-61DA-307F-4AA772F44A1A}.Release|Any CPU.Build.0 = Release|Any CPU
		{0B566E3E-6E86-FF53-A74B-28A45D3F6D13}.Debug|Any CPU.ActiveCfg = Debug|Any CPU
		{0B566E3E-6E86-FF53-A74B-28A45D3F6D13}.Debug|Any CPU.Build.0 = Debug|Any CPU
		{0B566E3E-6E86-FF53-A74B-28A45D3F6D13}.Release|Any CPU.ActiveCfg = Release|Any CPU
		{0B566E3E-6E86-FF53-A74B-28A45D3F6D13}.Release|Any CPU.Build.0 = Release|Any CPU
	EndGlobalSection
	GlobalSection(SolutionProperties) = preSolution
		HideSolutionNode = FALSE
	EndGlobalSection
EndGlobal
